
Microsoft Visual Studio Solution File, Format Version 12.00
# Visual Studio 15
VisualStudioVersion = 15.0.28307.421
MinimumVisualStudioVersion = 10.0.40219.1
Project("{FAE04EC0-301F-11D3-BF4B-00C04F79EFBC}") = "WFA_DGV", "WFA_DGV\WFA_DGV.csproj", "{634BE0D5-4F86-415C-8409-CB3EFC005698}"
EndProject
Global
	GlobalSection(SolutionConfigurationPlatforms) = preSolution
		Debug|Any CPU = Debug|Any CPU
		Debug|x64 = Debug|x64
		Release|Any CPU = Release|Any CPU
		Release|x64 = Release|x64
	EndGlobalSection
	GlobalSection(ProjectConfigurationPlatforms) = postSolution
		{634BE0D5-4F86-415C-8409-CB3EFC005698}.Debug|Any CPU.ActiveCfg = Debug|Any CPU
		{634BE0D5-4F86-415C-8409-CB3EFC005698}.Debug|Any CPU.Build.0 = Debug|Any CPU
		{634BE0D5-4F86-415C-8409-CB3EFC005698}.Debug|x64.ActiveCfg = Debug|x64
		{634BE0D5-4F86-415C-8409-CB3EFC005698}.Debug|x64.Build.0 = Debug|x64
		{634BE0D5-4F86-415C-8409-CB3EFC005698}.Release|Any CPU.ActiveCfg = Release|Any CPU
		{634BE0D5-4F86-415C-8409-CB3EFC005698}.Release|Any CPU.Build.0 = Release|Any CPU
		{634BE0D5-4F86-415C-8409-CB3EFC005698}.Release|x64.ActiveCfg = Release|x64
		{634BE0D5-4F86-415C-8409-CB3EFC005698}.Release|x64.Build.0 = Release|x64
	EndGlobalSection
	GlobalSection(SolutionProperties) = preSolution
		HideSolutionNode = FALSE
	EndGlobalSection
	GlobalSection(ExtensibilityGlobals) = postSolution
		SolutionGuid = {4300F200-A0A0-4133-BFF1-ECD03E885EF0}
	EndGlobalSection
EndGlobal
